
Microsoft Visual Studio Solution File, Format Version 12.00
Project("{FAE04EC0-301F-11D3-BF4B-00C04F79EFBC}") = "Rare-Item-Drop-Notifier", "Rare-Item-Drop-Notifier\Rare-Item-Drop-Notifier.csproj", "{181FE7D8-99D8-424D-B22C-A71373A5AF52}"
EndProject
Project("{FAE04EC0-301F-11D3-BF4B-00C04F79EFBC}") = "Blinkuz.Plugins.Tools", "..\Intersect-Engine\Blinkuz.Plugins.Tools\Blinkuz.Plugins.Tools.csproj", "{552C3AC2-6F82-465F-8975-D8FE41CF5137}"
EndProject
Project("{FAE04EC0-301F-11D3-BF4B-00C04F79EFBC}") = "Intersect.Server.Framework", "..\Intersect-Engine\Intersect.Server.Framework\Intersect.Server.Framework.csproj", "{C8E5F6A4-B6E4-4DD8-ADB7-1EFD8056E3DB}"
EndProject
Project("{FAE04EC0-301F-11D3-BF4B-00C04F79EFBC}") = "Intersect.Server.Core", "..\Intersect-Engine\Intersect.Server.Core\Intersect.Server.Core.csproj", "{0342D0BA-0B05-4A8A-B956-9984651C4ED2}"
EndProject
Project("{FAE04EC0-301F-11D3-BF4B-00C04F79EFBC}") = "Intersect.Core", "..\Intersect-Engine\Intersect (Core)\Intersect.Core.csproj", "{F5CD6951-4E69-40D2-A294-9639452C4DAA}"
EndProject
Global
	GlobalSection(SolutionConfigurationPlatforms) = preSolution
		Debug|Any CPU = Debug|Any CPU
		Release|Any CPU = Release|Any CPU
	EndGlobalSection
	GlobalSection(ProjectConfigurationPlatforms) = postSolution
		{181FE7D8-99D8-424D-B22C-A71373A5AF52}.Debug|Any CPU.ActiveCfg = Debug|Any CPU
		{181FE7D8-99D8-424D-B22C-A71373A5AF52}.Debug|Any CPU.Build.0 = Debug|Any CPU
		{181FE7D8-99D8-424D-B22C-A71373A5AF52}.Release|Any CPU.ActiveCfg = Release|Any CPU
		{181FE7D8-99D8-424D-B22C-A71373A5AF52}.Release|Any CPU.Build.0 = Release|Any CPU
		{552C3AC2-6F82-465F-8975-D8FE41CF5137}.Debug|Any CPU.ActiveCfg = Debug|Any CPU
		{552C3AC2-6F82-465F-8975-D8FE41CF5137}.Debug|Any CPU.Build.0 = Debug|Any CPU
		{552C3AC2-6F82-465F-8975-D8FE41CF5137}.Release|Any CPU.ActiveCfg = Release|Any CPU
		{552C3AC2-6F82-465F-8975-D8FE41CF5137}.Release|Any CPU.Build.0 = Release|Any CPU
		{C8E5F6A4-B6E4-4DD8-ADB7-1EFD8056E3DB}.Debug|Any CPU.ActiveCfg = Debug|Any CPU
		{C8E5F6A4-B6E4-4DD8-ADB7-1EFD8056E3DB}.Debug|Any CPU.Build.0 = Debug|Any CPU
		{C8E5F6A4-B6E4-4DD8-ADB7-1EFD8056E3DB}.Release|Any CPU.ActiveCfg = Release|Any CPU
		{C8E5F6A4-B6E4-4DD8-ADB7-1EFD8056E3DB}.Release|Any CPU.Build.0 = Release|Any CPU
		{0342D0BA-0B05-4A8A-B956-9984651C4ED2}.Debug|Any CPU.ActiveCfg = Debug|Any CPU
		{0342D0BA-0B05-4A8A-B956-9984651C4ED2}.Debug|Any CPU.Build.0 = Debug|Any CPU
		{0342D0BA-0B05-4A8A-B956-9984651C4ED2}.Release|Any CPU.ActiveCfg = Release|Any CPU
		{0342D0BA-0B05-4A8A-B956-9984651C4ED2}.Release|Any CPU.Build.0 = Release|Any CPU
		{F5CD6951-4E69-40D2-A294-9639452C4DAA}.Debug|Any CPU.ActiveCfg = Debug|Any CPU
		{F5CD6951-4E69-40D2-A294-9639452C4DAA}.Debug|Any CPU.Build.0 = Debug|Any CPU
		{F5CD6951-4E69-40D2-A294-9639452C4DAA}.Release|Any CPU.ActiveCfg = Release|Any CPU
		{F5CD6951-4E69-40D2-A294-9639452C4DAA}.Release|Any CPU.Build.0 = Release|Any CPU
	EndGlobalSection
EndGlobal
